emersyx.net/common v0.3.0 h1:3Mwg9c6Fg4NK8p0i1CVSQx5hR3XTNUwRewmCJu8JPTU=
emersyx.net/common v0.3.0/go.mod h1:5MYRNXU9sjS3VJGCUDzvoE4ZbIxWlL0u6PJgmz7Xepw=
github.com/BurntSushi/toml v0.3.1 h1:WXkYYl6Yr3qBf1K79EBnL4mak0OimBfB0XUf9Vl28OQ=
github.com/BurntSushi/toml v0.3.1/go.mod h1:xHWCNGjB5oqiDr8zfno3MHue2Ht5sIBksp03qcyfWMU=
