# This file is autogenerated, do not edit; changes may be undone by the next 'dep ensure'.


[[projects]]
  branch = "master"
  name = "emersyx.net/emersyx_apis"
  packages = ["emcomapi","emtgapi"]
  revision = "f91ae2b1efd4c2513384a5668d4668e08f1f3b31"

[solve-meta]
  analyzer-name = "dep"
  analyzer-version = 1
  inputs-digest = "f8a3675496caecee388355bac668176e58e379ca9337376c1ea03099665f0d90"
  solver-name = "gps-cdcl"
  solver-version = 1
