# This file is autogenerated, do not edit; changes may be undone by the next 'dep ensure'.


[[projects]]
  branch = "master"
  name = "emersyx.net/emersyx_apis"
  packages = ["emcomapi","emtgapi"]
  revision = "7d7a6d4783a19b96d658270af206b1e04de8c941"

[solve-meta]
  analyzer-name = "dep"
  analyzer-version = 1
  inputs-digest = "f8a3675496caecee388355bac668176e58e379ca9337376c1ea03099665f0d90"
  solver-name = "gps-cdcl"
  solver-version = 1
